
Microsoft Visual Studio Solution File, Format Version 12.00
# Visual Studio 15
VisualStudioVersion = 15.0.28010.2050
MinimumVisualStudioVersion = 10.0.40219.1
Project("{8BC9CEB8-8B4A-11D0-8D11-00A0C91BC942}") = "Chapter_05", "Chapter_05\Chapter_05.vcxproj", "{D71CD2ED-2354-4F80-907C-9D6EF21053E2}"
EndProject
Global
	GlobalSection(SolutionConfigurationPlatforms) = preSolution
		Debug|x64 = Debug|x64
		Debug|x86 = Debug|x86
		Release|x64 = Release|x64
		Release|x86 = Release|x86
	EndGlobalSection
	GlobalSection(ProjectConfigurationPlatforms) = postSolution
		{D71CD2ED-2354-4F80-907C-9D6EF21053E2}.Debug|x64.ActiveCfg = Debug|x64
		{D71CD2ED-2354-4F80-907C-9D6EF21053E2}.Debug|x64.Build.0 = Debug|x64
		{D71CD2ED-2354-4F80-907C-9D6EF21053E2}.Debug|x86.ActiveCfg = Debug|Win32
		{D71CD2ED-2354-4F80-907C-9D6EF21053E2}.Debug|x86.Build.0 = Debug|Win32
		{D71CD2ED-2354-4F80-907C-9D6EF21053E2}.Release|x64.ActiveCfg = Release|x64
		{D71CD2ED-2354-4F80-907C-9D6EF21053E2}.Release|x64.Build.0 = Release|x64
		{D71CD2ED-2354-4F80-907C-9D6EF21053E2}.Release|x86.ActiveCfg = Release|Win32
		{D71CD2ED-2354-4F80-907C-9D6EF21053E2}.Release|x86.Build.0 = Release|Win32
	EndGlobalSection
	GlobalSection(SolutionProperties) = preSolution
		HideSolutionNode = FALSE
	EndGlobalSection
	GlobalSection(ExtensibilityGlobals) = postSolution
		SolutionGuid = {107718B0-C90B-4DEE-8410-54B54D0A09FF}
	EndGlobalSection
EndGlobal
